{
  "version": "5",
  "specifiers": {
    "jsr:@nats-io/nats-core@3.2.0": "3.2.0",
    "jsr:@nats-io/nats-core@^3.2.0": "3.2.0",
    "jsr:@nats-io/nkeys@2.0.3": "2.0.3",
    "jsr:@nats-io/nuid@2.0.3": "2.0.3",
    "jsr:@nats-io/transport-deno@^3.2.0": "3.2.0",
    "jsr:@std/assert@^1.0.15": "1.0.15",
    "jsr:@std/bytes@^1.0.5": "1.0.6",
    "jsr:@std/cli@^1.0.23": "1.0.23",
    "jsr:@std/internal@^1.0.10": "1.0.12",
    "jsr:@std/internal@^1.0.12": "1.0.12",
    "jsr:@std/io@0.225.2": "0.225.2",
    "jsr:@std/json@^1.0.2": "1.0.2",
    "jsr:@std/jsonc@^1.0.2": "1.0.2",
    "jsr:@std/path@^1.1.2": "1.1.2",
    "jsr:@zod/zod@^4.1.12": "4.1.12",
    "npm:tweetnacl@1.0.3": "1.0.3"
  },
  "jsr": {
    "@nats-io/nats-core@3.2.0": {
      "integrity": "63d4958c9327de4d1ad436a17969290df7c96f9f887c3190e05839574aaa9e9b",
      "dependencies": [
        "jsr:@nats-io/nkeys",
        "jsr:@nats-io/nuid"
      ]
    },
    "@nats-io/nkeys@2.0.3": {
      "integrity": "e92c96eea32b559f2e0f32555b49376942d66c07e59efff9180dbf29e516fbd8",
      "dependencies": [
        "npm:tweetnacl"
      ]
    },
    "@nats-io/nuid@2.0.3": {
      "integrity": "c1069446e43dfa4f5e599c398a1bfc1be0c8dab1c839b6d2b9c3617cc1998306"
    },
    "@nats-io/transport-deno@3.2.0": {
      "integrity": "c6f8446bb38357063f5056d1fa8c76191828fcc356cccd513792281ed1ad0d26",
      "dependencies": [
        "jsr:@nats-io/nats-core@3.2.0",
        "jsr:@std/io"
      ]
    },
    "@std/assert@1.0.15": {
      "integrity": "d64018e951dbdfab9777335ecdb000c0b4e3df036984083be219ce5941e4703b",
      "dependencies": [
        "jsr:@std/internal@^1.0.12"
      ]
    },
    "@std/bytes@1.0.4": {
      "integrity": "11a0debe522707c95c7b7ef89b478c13fb1583a7cfb9a85674cd2cc2e3a28abc"
    },
    "@std/bytes@1.0.6": {
      "integrity": "f6ac6adbd8ccd99314045f5703e23af0a68d7f7e58364b47d2c7f408aeb5820a"
    },
    "@std/cli@1.0.23": {
      "integrity": "bf95b7a9425ba2af1ae5a6359daf58c508f2decf711a76ed2993cd352498ccca",
      "dependencies": [
        "jsr:@std/internal@^1.0.12"
      ]
    },
    "@std/internal@1.0.12": {
      "integrity": "972a634fd5bc34b242024402972cd5143eac68d8dffaca5eaa4dba30ce17b027"
    },
    "@std/io@0.225.2": {
      "integrity": "3c740cd4ee4c082e6cfc86458f47e2ab7cb353dc6234d5e9b1f91a2de5f4d6c7",
      "dependencies": [
        "jsr:@std/bytes"
      ]
    },
    "@std/json@1.0.2": {
      "integrity": "d9e5497801c15fb679f55a2c01c7794ad7a5dfda4dd1bebab5e409cb5e0d34d4"
    },
    "@std/jsonc@1.0.2": {
      "integrity": "909605dae3af22bd75b1cbda8d64a32cf1fd2cf6efa3f9e224aba6d22c0f44c7",
      "dependencies": [
        "jsr:@std/json"
      ]
    },
    "@std/path@1.1.2": {
      "integrity": "c0b13b97dfe06546d5e16bf3966b1cadf92e1cc83e56ba5476ad8b498d9e3038",
      "dependencies": [
        "jsr:@std/internal@^1.0.10"
      ]
    },
    "@zod/zod@4.1.12": {
      "integrity": "5876ed4c6d44673faf5120f0a461a2ada2eb6c735329d3ebaf5ba1fc08387695"
    }
  },
  "npm": {
    "tweetnacl@1.0.3": {
      "integrity": "sha512-6rt+RN7aOi1nGMyC4Xa5DdYiukl2UWCbcJft7YhxReBGQD7OAM8Pbxw6YMo4r2diNEA8FEmu32YOn9rhaiE5yw=="
    }
  },
  "remote": {
    "https://deno.land/x/zod@v3.21.4/ZodError.ts": "4de18ff525e75a0315f2c12066b77b5c2ae18c7c15ef7df7e165d63536fdf2ea",
    "https://deno.land/x/zod@v3.21.4/errors.ts": "5285922d2be9700cc0c70c95e4858952b07ae193aa0224be3cbd5cd5567eabef",
    "https://deno.land/x/zod@v3.21.4/external.ts": "a6cfbd61e9e097d5f42f8a7ed6f92f93f51ff927d29c9fbaec04f03cbce130fe",
    "https://deno.land/x/zod@v3.21.4/helpers/enumUtil.ts": "54efc393cc9860e687d8b81ff52e980def00fa67377ad0bf8b3104f8a5bf698c",
    "https://deno.land/x/zod@v3.21.4/helpers/errorUtil.ts": "7a77328240be7b847af6de9189963bd9f79cab32bbc61502a9db4fe6683e2ea7",
    "https://deno.land/x/zod@v3.21.4/helpers/parseUtil.ts": "51a76c126ee212be86013d53a9d07f87e9ae04bb1496f2558e61b62cb74a6aa8",
    "https://deno.land/x/zod@v3.21.4/helpers/partialUtil.ts": "998c2fe79795257d4d1cf10361e74492f3b7d852f61057c7c08ac0a46488b7e7",
    "https://deno.land/x/zod@v3.21.4/helpers/typeAliases.ts": "0fda31a063c6736fc3cf9090dd94865c811dfff4f3cb8707b932bf937c6f2c3e",
    "https://deno.land/x/zod@v3.21.4/helpers/util.ts": "8baf19b19b2fca8424380367b90364b32503b6b71780269a6e3e67700bb02774",
    "https://deno.land/x/zod@v3.21.4/index.ts": "d27aabd973613985574bc31f39e45cb5d856aa122ef094a9f38a463b8ef1a268",
    "https://deno.land/x/zod@v3.21.4/locales/en.ts": "a7a25cd23563ccb5e0eed214d9b31846305ddbcdb9c5c8f508b108943366ab4c",
    "https://deno.land/x/zod@v3.21.4/mod.ts": "64e55237cb4410e17d968cd08975566059f27638ebb0b86048031b987ba251c4",
    "https://deno.land/x/zod@v3.21.4/types.ts": "b5d061babea250de14fc63764df5b3afa24f2b088a1d797fc060ba49a0ddff28"
  },
  "workspace": {
    "dependencies": [
      "jsr:@nats-io/nats-core@^3.2.0",
      "jsr:@nats-io/transport-deno@^3.2.0",
      "jsr:@std/assert@^1.0.15",
      "jsr:@std/cli@^1.0.23",
      "jsr:@std/jsonc@^1.0.2",
      "jsr:@std/path@^1.1.2",
      "jsr:@zod/zod@^4.1.12"
    ]
  }
}
